{
    "_readme": [
        "This file locks the dependencies of your project to a known state",
        "Read more about it at https://getcomposer.org/doc/01-basic-usage.md#installing-dependencies",
        "This file is @generated automatically"
    ],
    "content-hash": "0ed2ad93fd574da73e23be9c480f1a6d",
    "packages": [],
    "packages-dev": [],
    "aliases": [],
    "minimum-stability": "dev",
    "stability-flags": [],
    "prefer-stable": false,
    "prefer-lowest": false,
    "platform": {
        "php": "7.*",
        "ext-curl": "*",
        "ext-http": "*",
        "ext-simplexml": "*"
    },
    "platform-dev": [],
    "plugin-api-version": "2.1.0"
}
